hash: 4ff068cf42392f00e1b34950c49a015f90cc44ab9093938047ac6cae9032d7ba
updated: 2016-08-27T21:03:12.116004446-07:00
imports:
- name: github.com/bored-engineer/hackeroni
  version: 9803a12f1a9499b05151c813f2375d26b553c68f
  subpackages:
  - legacy
- name: github.com/bored-engineer/slack-incoming-webhooks
  version: ef15253e1b016bd4927e61d8d1099ec49c285162
- name: github.com/google/go-querystring
  version: 9235644dd9e52eeae6fa48efd539fdc351a0af53
  subpackages:
  - query
testImports: []
